
Microsoft Visual Studio Solution File, Format Version 12.00
# Visual Studio Version 17
VisualStudioVersion = 17.5.002.0
MinimumVisualStudioVersion = 10.0.40219.1
Project("{9A19103F-16F7-4668-BE54-9A1E7A4F7556}") = "seminars", "seminars.csproj", "{450EC3B0-6D26-4E8D-9A25-36C0BDAFFC72}"
EndProject
Global
	GlobalSection(SolutionConfigurationPlatforms) = preSolution
		Debug|Any CPU = Debug|Any CPU
		Release|Any CPU = Release|Any CPU
	EndGlobalSection
	GlobalSection(ProjectConfigurationPlatforms) = postSolution
		{450EC3B0-6D26-4E8D-9A25-36C0BDAFFC72}.Debug|Any CPU.ActiveCfg = Debug|Any CPU
		{450EC3B0-6D26-4E8D-9A25-36C0BDAFFC72}.Debug|Any CPU.Build.0 = Debug|Any CPU
		{450EC3B0-6D26-4E8D-9A25-36C0BDAFFC72}.Release|Any CPU.ActiveCfg = Release|Any CPU
		{450EC3B0-6D26-4E8D-9A25-36C0BDAFFC72}.Release|Any CPU.Build.0 = Release|Any CPU
	EndGlobalSection
	GlobalSection(SolutionProperties) = preSolution
		HideSolutionNode = FALSE
	EndGlobalSection
	GlobalSection(ExtensibilityGlobals) = postSolution
		SolutionGuid = {BBC7F7B4-7975-4F0A-8154-7A449F159AFD}
	EndGlobalSection
EndGlobal
